// !$*UTF8*$!
{
	archiveVersion = 1;
	classes = {
	};
	objectVersion = 56;
	objects = {

/* Begin PBXBuildFile section */
		42B4CA482B593EDC00C7C50D /* AppDelegate.swift in Sources */ = {isa = PBXBuildFile; fileRef = 42B4CA472B593EDC00C7C50D /* AppDelegate.swift */; };
		42B4CA4A2B593EDC00C7C50D /* SceneDelegate.swift in Sources */ = {isa = PBXBuildFile; fileRef = 42B4CA492B593EDC00C7C50D /* SceneDelegate.swift */; };
		42B4CA4C2B593EDC00C7C50D /* MainViewController.swift in Sources */ = {isa = PBXBuildFile; fileRef = 42B4CA4B2B593EDC00C7C50D /* MainViewController.swift */; };
		42B4CA4F2B593EDC00C7C50D /* Main.storyboard in Resources */ = {isa = PBXBuildFile; fileRef = 42B4CA4D2B593EDC00C7C50D /* Main.storyboard */; };
		42B4CA512B593EDE00C7C50D /* Assets.xcassets in Resources */ = {isa = PBXBuildFile; fileRef = 42B4CA502B593EDE00C7C50D /* Assets.xcassets */; };
		42B4CA542B593EDE00C7C50D /* LaunchScreen.storyboard in Resources */ = {isa = PBXBuildFile; fileRef = 42B4CA522B593EDE00C7C50D /* LaunchScreen.storyboard */; };
		42B4CA622B59409600C7C50D /* PhotoModel.swift in Sources */ = {isa = PBXBuildFile; fileRef = 42B4CA612B59409600C7C50D /* PhotoModel.swift */; };
		42B4CA672B594D7400C7C50D /* NetworkConstants.swift in Sources */ = {isa = PBXBuildFile; fileRef = 42B4CA662B594D7400C7C50D /* NetworkConstants.swift */; };
		42B4CA692B594D8900C7C50D /* APICaller.swift in Sources */ = {isa = PBXBuildFile; fileRef = 42B4CA682B594D8900C7C50D /* APICaller.swift */; };
		42B4CA6B2B594FFD00C7C50D /* PhotoViewModel .swift in Sources */ = {isa = PBXBuildFile; fileRef = 42B4CA6A2B594FFD00C7C50D /* PhotoViewModel .swift */; };
		42B4CA702B595B1900C7C50D /* PhotoTableViewCell.swift in Sources */ = {isa = PBXBuildFile; fileRef = 42B4CA6E2B595B1800C7C50D /* PhotoTableViewCell.swift */; };
		42B4CA712B595B1900C7C50D /* PhotoTableViewCell.xib in Resources */ = {isa = PBXBuildFile; fileRef = 42B4CA6F2B595B1800C7C50D /* PhotoTableViewCell.xib */; };
/* End PBXBuildFile section */

/* Begin PBXFileReference section */
		42B4CA442B593EDC00C7C50D /* LineMan.app */ = {isa = PBXFileReference; explicitFileType = wrapper.application; includeInIndex = 0; path = LineMan.app; sourceTree = BUILT_PRODUCTS_DIR; };
		42B4CA472B593EDC00C7C50D /* AppDelegate.swift */ = {isa = PBXFileReference; lastKnownFileType = sourcecode.swift; path = AppDelegate.swift; sourceTree = "<group>"; };
		42B4CA492B593EDC00C7C50D /* SceneDelegate.swift */ = {isa = PBXFileReference; lastKnownFileType = sourcecode.swift; path = SceneDelegate.swift; sourceTree = "<group>"; };
		42B4CA4B2B593EDC00C7C50D /* MainViewController.swift */ = {isa = PBXFileReference; lastKnownFileType = sourcecode.swift; path = MainViewController.swift; sourceTree = "<group>"; };
		42B4CA4E2B593EDC00C7C50D /* Base */ = {isa = PBXFileReference; lastKnownFileType = file.storyboard; name = Base; path = Base.lproj/Main.storyboard; sourceTree = "<group>"; };
		42B4CA502B593EDE00C7C50D /* Assets.xcassets */ = {isa = PBXFileReference; lastKnownFileType = folder.assetcatalog; path = Assets.xcassets; sourceTree = "<group>"; };
		42B4CA532B593EDE00C7C50D /* Base */ = {isa = PBXFileReference; lastKnownFileType = file.storyboard; name = Base; path = Base.lproj/LaunchScreen.storyboard; sourceTree = "<group>"; };
		42B4CA552B593EDE00C7C50D /* Info.plist */ = {isa = PBXFileReference; lastKnownFileType = text.plist.xml; path = Info.plist; sourceTree = "<group>"; };
		42B4CA612B59409600C7C50D /* PhotoModel.swift */ = {isa = PBXFileReference; lastKnownFileType = sourcecode.swift; path = PhotoModel.swift; sourceTree = "<group>"; };
		42B4CA662B594D7400C7C50D /* NetworkConstants.swift */ = {isa = PBXFileReference; lastKnownFileType = sourcecode.swift; path = NetworkConstants.swift; sourceTree = "<group>"; };
		42B4CA682B594D8900C7C50D /* APICaller.swift */ = {isa = PBXFileReference; lastKnownFileType = sourcecode.swift; path = APICaller.swift; sourceTree = "<group>"; };
		42B4CA6A2B594FFD00C7C50D /* PhotoViewModel .swift */ = {isa = PBXFileReference; lastKnownFileType = sourcecode.swift; path = "PhotoViewModel .swift"; sourceTree = "<group>"; };
		42B4CA6E2B595B1800C7C50D /* PhotoTableViewCell.swift */ = {isa = PBXFileReference; lastKnownFileType = sourcecode.swift; path = PhotoTableViewCell.swift; sourceTree = "<group>"; };
		42B4CA6F2B595B1800C7C50D /* PhotoTableViewCell.xib */ = {isa = PBXFileReference; lastKnownFileType = file.xib; path = PhotoTableViewCell.xib; sourceTree = "<group>"; };
/* End PBXFileReference section */

/* Begin PBXFrameworksBuildPhase section */
		42B4CA412B593EDC00C7C50D /* Frameworks */ = {
			isa = PBXFrameworksBuildPhase;
			buildActionMask = 2147483647;
			files = (
			);
			runOnlyForDeploymentPostprocessing = 0;
		};
/* End PBXFrameworksBuildPhase section */

/* Begin PBXGroup section */
		42B4CA3B2B593EDC00C7C50D = {
			isa = PBXGroup;
			children = (
				42B4CA462B593EDC00C7C50D /* LineMan */,
				42B4CA452B593EDC00C7C50D /* Products */,
			);
			sourceTree = "<group>";
		};
		42B4CA452B593EDC00C7C50D /* Products */ = {
			isa = PBXGroup;
			children = (
				42B4CA442B593EDC00C7C50D /* LineMan.app */,
			);
			name = Products;
			sourceTree = "<group>";
		};
		42B4CA462B593EDC00C7C50D /* LineMan */ = {
			isa = PBXGroup;
			children = (
				42B4CA602B593FEB00C7C50D /* Resources */,
				42B4CA5F2B593F9800C7C50D /* Service */,
				42B4CA5C2B593F3E00C7C50D /* Models */,
				42B4CA5D2B593F4A00C7C50D /* Views */,
				42B4CA5B2B593F3300C7C50D /* ViewModels */,
				42B4CA472B593EDC00C7C50D /* AppDelegate.swift */,
				42B4CA492B593EDC00C7C50D /* SceneDelegate.swift */,
				42B4CA522B593EDE00C7C50D /* LaunchScreen.storyboard */,
				42B4CA552B593EDE00C7C50D /* Info.plist */,
			);
			path = LineMan;
			sourceTree = "<group>";
		};
		42B4CA5B2B593F3300C7C50D /* ViewModels */ = {
			isa = PBXGroup;
			children = (
				42B4CA6A2B594FFD00C7C50D /* PhotoViewModel .swift */,
			);
			path = ViewModels;
			sourceTree = "<group>";
		};
		42B4CA5C2B593F3E00C7C50D /* Models */ = {
			isa = PBXGroup;
			children = (
				42B4CA612B59409600C7C50D /* PhotoModel.swift */,
			);
			path = Models;
			sourceTree = "<group>";
		};
		42B4CA5D2B593F4A00C7C50D /* Views */ = {
			isa = PBXGroup;
			children = (
				42B4CA722B59625000C7C50D /* PhotoTableView */,
				42B4CA6C2B595A8800C7C50D /* PhotoTableViewCell */,
				42B4CA5E2B593F5700C7C50D /* ViewControllers */,
			);
			path = Views;
			sourceTree = "<group>";
		};
		42B4CA5E2B593F5700C7C50D /* ViewControllers */ = {
			isa = PBXGroup;
			children = (
				42B4CA4B2B593EDC00C7C50D /* MainViewController.swift */,
			);
			path = ViewControllers;
			sourceTree = "<group>";
		};
		42B4CA5F2B593F9800C7C50D /* Service */ = {
			isa = PBXGroup;
			children = (
				42B4CA662B594D7400C7C50D /* NetworkConstants.swift */,
				42B4CA682B594D8900C7C50D /* APICaller.swift */,
			);
			path = Service;
			sourceTree = "<group>";
		};
		42B4CA602B593FEB00C7C50D /* Resources */ = {
			isa = PBXGroup;
			children = (
				42B4CA502B593EDE00C7C50D /* Assets.xcassets */,
			);
			path = Resources;
			sourceTree = "<group>";
		};
		42B4CA6C2B595A8800C7C50D /* PhotoTableViewCell */ = {
			isa = PBXGroup;
			children = (
				42B4CA6E2B595B1800C7C50D /* PhotoTableViewCell.swift */,
				42B4CA6F2B595B1800C7C50D /* PhotoTableViewCell.xib */,
			);
			path = PhotoTableViewCell;
			sourceTree = "<group>";
		};
		42B4CA722B59625000C7C50D /* PhotoTableView */ = {
			isa = PBXGroup;
			children = (
				42B4CA4D2B593EDC00C7C50D /* Main.storyboard */,
			);
			path = PhotoTableView;
			sourceTree = "<group>";
		};
/* End PBXGroup section */

/* Begin PBXNativeTarget section */
		42B4CA432B593EDC00C7C50D /* LineMan */ = {
			isa = PBXNativeTarget;
			buildConfigurationList = 42B4CA582B593EDE00C7C50D /* Build configuration list for PBXNativeTarget "LineMan" */;
			buildPhases = (
				42B4CA402B593EDC00C7C50D /* Sources */,
				42B4CA412B593EDC00C7C50D /* Frameworks */,
				42B4CA422B593EDC00C7C50D /* Resources */,
			);
			buildRules = (
			);
			dependencies = (
			);
			name = LineMan;
			productName = LineMan;
			productReference = 42B4CA442B593EDC00C7C50D /* LineMan.app */;
			productType = "com.apple.product-type.application";
		};
/* End PBXNativeTarget section */

/* Begin PBXProject section */
		42B4CA3C2B593EDC00C7C50D /* Project object */ = {
			isa = PBXProject;
			attributes = {
				BuildIndependentTargetsInParallel = 1;
				LastSwiftUpdateCheck = 1520;
				LastUpgradeCheck = 1520;
				TargetAttributes = {
					42B4CA432B593EDC00C7C50D = {
						CreatedOnToolsVersion = 15.2;
					};
				};
			};
			buildConfigurationList = 42B4CA3F2B593EDC00C7C50D /* Build configuration list for PBXProject "LineMan" */;
			compatibilityVersion = "Xcode 14.0";
			developmentRegion = en;
			hasScannedForEncodings = 0;
			knownRegions = (
				en,
				Base,
			);
			mainGroup = 42B4CA3B2B593EDC00C7C50D;
			productRefGroup = 42B4CA452B593EDC00C7C50D /* Products */;
			projectDirPath = "";
			projectRoot = "";
			targets = (
				42B4CA432B593EDC00C7C50D /* LineMan */,
			);
		};
/* End PBXProject section */

/* Begin PBXResourcesBuildPhase section */
		42B4CA422B593EDC00C7C50D /* Resources */ = {
			isa = PBXResourcesBuildPhase;
			buildActionMask = 2147483647;
			files = (
				42B4CA712B595B1900C7C50D /* PhotoTableViewCell.xib in Resources */,
				42B4CA542B593EDE00C7C50D /* LaunchScreen.storyboard in Resources */,
				42B4CA512B593EDE00C7C50D /* Assets.xcassets in Resources */,
				42B4CA4F2B593EDC00C7C50D /* Main.storyboard in Resources */,
			);
			runOnlyForDeploymentPostprocessing = 0;
		};
/* End PBXResourcesBuildPhase section */

/* Begin PBXSourcesBuildPhase section */
		42B4CA402B593EDC00C7C50D /* Sources */ = {
			isa = PBXSourcesBuildPhase;
			buildActionMask = 2147483647;
			files = (
				42B4CA702B595B1900C7C50D /* PhotoTableViewCell.swift in Sources */,
				42B4CA6B2B594FFD00C7C50D /* PhotoViewModel .swift in Sources */,
				42B4CA4C2B593EDC00C7C50D /* MainViewController.swift in Sources */,
				42B4CA692B594D8900C7C50D /* APICaller.swift in Sources */,
				42B4CA482B593EDC00C7C50D /* AppDelegate.swift in Sources */,
				42B4CA672B594D7400C7C50D /* NetworkConstants.swift in Sources */,
				42B4CA622B59409600C7C50D /* PhotoModel.swift in Sources */,
				42B4CA4A2B593EDC00C7C50D /* SceneDelegate.swift in Sources */,
			);
			runOnlyForDeploymentPostprocessing = 0;
		};
/* End PBXSourcesBuildPhase section */

/* Begin PBXVariantGroup section */
		42B4CA4D2B593EDC00C7C50D /* Main.storyboard */ = {
			isa = PBXVariantGroup;
			children = (
				42B4CA4E2B593EDC00C7C50D /* Base */,
			);
			name = Main.storyboard;
			sourceTree = "<group>";
		};
		42B4CA522B593EDE00C7C50D /* LaunchScreen.storyboard */ = {
			isa = PBXVariantGroup;
			children = (
				42B4CA532B593EDE00C7C50D /* Base */,
			);
			name = LaunchScreen.storyboard;
			sourceTree = "<group>";
		};
/* End PBXVariantGroup section */

/* Begin XCBuildConfiguration section */
		42B4CA562B593EDE00C7C50D /* Debug */ = {
			isa = XCBuildConfiguration;
			buildSettings = {
				ALWAYS_SEARCH_USER_PATHS = NO;
				ASSETCATALOG_COMPILER_GENERATE_SWIFT_ASSET_SYMBOL_EXTENSIONS = YES;
				CLANG_ANALYZER_NONNULL = YES;
				CLANG_ANALYZER_NUMBER_OBJECT_CONVERSION = YES_AGGRESSIVE;
				CLANG_CXX_LANGUAGE_STANDARD = "gnu++20";
				CLANG_ENABLE_MODULES = YES;
				CLANG_ENABLE_OBJC_ARC = YES;
				CLANG_ENABLE_OBJC_WEAK = YES;
				CLANG_WARN_BLOCK_CAPTURE_AUTORELEASING = YES;
				CLANG_WARN_BOOL_CONVERSION = YES;
				CLANG_WARN_COMMA = YES;
				CLANG_WARN_CONSTANT_CONVERSION = YES;
				CLANG_WARN_DEPRECATED_OBJC_IMPLEMENTATIONS = YES;
				CLANG_WARN_DIRECT_OBJC_ISA_USAGE = YES_ERROR;
				CLANG_WARN_DOCUMENTATION_COMMENTS = YES;
				CLANG_WARN_EMPTY_BODY = YES;
				CLANG_WARN_ENUM_CONVERSION = YES;
				CLANG_WARN_INFINITE_RECURSION = YES;
				CLANG_WARN_INT_CONVERSION = YES;
				CLANG_WARN_NON_LITERAL_NULL_CONVERSION = YES;
				CLANG_WARN_OBJC_IMPLICIT_RETAIN_SELF = YES;
				CLANG_WARN_OBJC_LITERAL_CONVERSION = YES;
				CLANG_WARN_OBJC_ROOT_CLASS = YES_ERROR;
				CLANG_WARN_QUOTED_INCLUDE_IN_FRAMEWORK_HEADER = YES;
				CLANG_WARN_RANGE_LOOP_ANALYSIS = YES;
				CLANG_WARN_STRICT_PROTOTYPES = YES;
				CLANG_WARN_SUSPICIOUS_MOVE = YES;
				CLANG_WARN_UNGUARDED_AVAILABILITY = YES_AGGRESSIVE;
				CLANG_WARN_UNREACHABLE_CODE = YES;
				CLANG_WARN__DUPLICATE_METHOD_MATCH = YES;
				COPY_PHASE_STRIP = NO;
				DEBUG_INFORMATION_FORMAT = dwarf;
				ENABLE_STRICT_OBJC_MSGSEND = YES;
				ENABLE_TESTABILITY = YES;
				ENABLE_USER_SCRIPT_SANDBOXING = YES;
				GCC_C_LANGUAGE_STANDARD = gnu17;
				GCC_DYNAMIC_NO_PIC = NO;
				GCC_NO_COMMON_BLOCKS = YES;
				GCC_OPTIMIZATION_LEVEL = 0;
				GCC_PREPROCESSOR_DEFINITIONS = (
					"DEBUG=1",
					"$(inherited)",
				);
				GCC_WARN_64_TO_32_BIT_CONVERSION = YES;
				GCC_WARN_ABOUT_RETURN_TYPE = YES_ERROR;
				GCC_WARN_UNDECLARED_SELECTOR = YES;
				GCC_WARN_UNINITIALIZED_AUTOS = YES_AGGRESSIVE;
				GCC_WARN_UNUSED_FUNCTION = YES;
				GCC_WARN_UNUSED_VARIABLE = YES;
				IPHONEOS_DEPLOYMENT_TARGET = 17.2;
				LOCALIZATION_PREFERS_STRING_CATALOGS = YES;
				MTL_ENABLE_DEBUG_INFO = INCLUDE_SOURCE;
				MTL_FAST_MATH = YES;
				ONLY_ACTIVE_ARCH = YES;
				SDKROOT = iphoneos;
				SWIFT_ACTIVE_COMPILATION_CONDITIONS = "DEBUG $(inherited)";
				SWIFT_OPTIMIZATION_LEVEL = "-Onone";
			};
			name = Debug;
		};
		42B4CA572B593EDE00C7C50D /* Release */ = {
			isa = XCBuildConfiguration;
			buildSettings = {
				ALWAYS_SEARCH_USER_PATHS = NO;
				ASSETCATALOG_COMPILER_GENERATE_SWIFT_ASSET_SYMBOL_EXTENSIONS = YES;
				CLANG_ANALYZER_NONNULL = YES;
				CLANG_ANALYZER_NUMBER_OBJECT_CONVERSION = YES_AGGRESSIVE;
				CLANG_CXX_LANGUAGE_STANDARD = "gnu++20";
				CLANG_ENABLE_MODULES = YES;
				CLANG_ENABLE_OBJC_ARC = YES;
				CLANG_ENABLE_OBJC_WEAK = YES;
				CLANG_WARN_BLOCK_CAPTURE_AUTORELEASING = YES;
				CLANG_WARN_BOOL_CONVERSION = YES;
				CLANG_WARN_COMMA = YES;
				CLANG_WARN_CONSTANT_CONVERSION = YES;
				CLANG_WARN_DEPRECATED_OBJC_IMPLEMENTATIONS = YES;
				CLANG_WARN_DIRECT_OBJC_ISA_USAGE = YES_ERROR;
				CLANG_WARN_DOCUMENTATION_COMMENTS = YES;
				CLANG_WARN_EMPTY_BODY = YES;
				CLANG_WARN_ENUM_CONVERSION = YES;
				CLANG_WARN_INFINITE_RECURSION = YES;
				CLANG_WARN_INT_CONVERSION = YES;
				CLANG_WARN_NON_LITERAL_NULL_CONVERSION = YES;
				CLANG_WARN_OBJC_IMPLICIT_RETAIN_SELF = YES;
				CLANG_WARN_OBJC_LITERAL_CONVERSION = YES;
				CLANG_WARN_OBJC_ROOT_CLASS = YES_ERROR;
				CLANG_WARN_QUOTED_INCLUDE_IN_FRAMEWORK_HEADER = YES;
				CLANG_WARN_RANGE_LOOP_ANALYSIS = YES;
				CLANG_WARN_STRICT_PROTOTYPES = YES;
				CLANG_WARN_SUSPICIOUS_MOVE = YES;
				CLANG_WARN_UNGUARDED_AVAILABILITY = YES_AGGRESSIVE;
				CLANG_WARN_UNREACHABLE_CODE = YES;
				CLANG_WARN__DUPLICATE_METHOD_MATCH = YES;
				COPY_PHASE_STRIP = NO;
				DEBUG_INFORMATION_FORMAT = "dwarf-with-dsym";
				ENABLE_NS_ASSERTIONS = NO;
				ENABLE_STRICT_OBJC_MSGSEND = YES;
				ENABLE_USER_SCRIPT_SANDBOXING = YES;
				GCC_C_LANGUAGE_STANDARD = gnu17;
				GCC_NO_COMMON_BLOCKS = YES;
				GCC_WARN_64_TO_32_BIT_CONVERSION = YES;
				GCC_WARN_ABOUT_RETURN_TYPE = YES_ERROR;
				GCC_WARN_UNDECLARED_SELECTOR = YES;
				GCC_WARN_UNINITIALIZED_AUTOS = YES_AGGRESSIVE;
				GCC_WARN_UNUSED_FUNCTION = YES;
				GCC_WARN_UNUSED_VARIABLE = YES;
				IPHONEOS_DEPLOYMENT_TARGET = 17.2;
				LOCALIZATION_PREFERS_STRING_CATALOGS = YES;
				MTL_ENABLE_DEBUG_INFO = NO;
				MTL_FAST_MATH = YES;
				SDKROOT = iphoneos;
				SWIFT_COMPILATION_MODE = wholemodule;
				VALIDATE_PRODUCT = YES;
			};
			name = Release;
		};
		42B4CA592B593EDE00C7C50D /* Debug */ = {
			isa = XCBuildConfiguration;
			buildSettings = {
				ASSETCATALOG_COMPILER_APPICON_NAME = AppIcon;
				ASSETCATALOG_COMPILER_GLOBAL_ACCENT_COLOR_NAME = AccentColor;
				CODE_SIGN_STYLE = Automatic;
				CURRENT_PROJECT_VERSION = 1;
				DEVELOPMENT_TEAM = 4TWRUF8BWC;
				GENERATE_INFOPLIST_FILE = YES;
				INFOPLIST_FILE = LineMan/Info.plist;
				INFOPLIST_KEY_UIApplicationSupportsIndirectInputEvents = YES;
				INFOPLIST_KEY_UILaunchStoryboardName = LaunchScreen;
				INFOPLIST_KEY_UIMainStoryboardFile = Main;
				INFOPLIST_KEY_UISupportedInterfaceOrientations_iPad = "UIInterfaceOrientationPortrait UIInterfaceOrientationPortraitUpsideDown UIInterfaceOrientationLandscapeLeft UIInterfaceOrientationLandscapeRight";
				INFOPLIST_KEY_UISupportedInterfaceOrientations_iPhone = "UIInterfaceOrientationPortrait UIInterfaceOrientationLandscapeLeft UIInterfaceOrientationLandscapeRight";
				LD_RUNPATH_SEARCH_PATHS = (
					"$(inherited)",
					"@executable_path/Frameworks",
				);
				MARKETING_VERSION = 1.0;
				PRODUCT_BUNDLE_IDENTIFIER = Project.LineMan;
				PRODUCT_NAME = "$(TARGET_NAME)";
				SWIFT_EMIT_LOC_STRINGS = YES;
				SWIFT_VERSION = 5.0;
				TARGETED_DEVICE_FAMILY = "1,2";
			};
			name = Debug;
		};
		42B4CA5A2B593EDE00C7C50D /* Release */ = {
			isa = XCBuildConfiguration;
			buildSettings = {
				ASSETCATALOG_COMPILER_APPICON_NAME = AppIcon;
				ASSETCATALOG_COMPILER_GLOBAL_ACCENT_COLOR_NAME = AccentColor;
				CODE_SIGN_STYLE = Automatic;
				CURRENT_PROJECT_VERSION = 1;
				DEVELOPMENT_TEAM = 4TWRUF8BWC;
				GENERATE_INFOPLIST_FILE = YES;
				INFOPLIST_FILE = LineMan/Info.plist;
				INFOPLIST_KEY_UIApplicationSupportsIndirectInputEvents = YES;
				INFOPLIST_KEY_UILaunchStoryboardName = LaunchScreen;
				INFOPLIST_KEY_UIMainStoryboardFile = Main;
				INFOPLIST_KEY_UISupportedInterfaceOrientations_iPad = "UIInterfaceOrientationPortrait UIInterfaceOrientationPortraitUpsideDown UIInterfaceOrientationLandscapeLeft UIInterfaceOrientationLandscapeRight";
				INFOPLIST_KEY_UISupportedInterfaceOrientations_iPhone = "UIInterfaceOrientationPortrait UIInterfaceOrientationLandscapeLeft UIInterfaceOrientationLandscapeRight";
				LD_RUNPATH_SEARCH_PATHS = (
					"$(inherited)",
					"@executable_path/Frameworks",
				);
				MARKETING_VERSION = 1.0;
				PRODUCT_BUNDLE_IDENTIFIER = Project.LineMan;
				PRODUCT_NAME = "$(TARGET_NAME)";
				SWIFT_EMIT_LOC_STRINGS = YES;
				SWIFT_VERSION = 5.0;
				TARGETED_DEVICE_FAMILY = "1,2";
			};
			name = Release;
		};
/* End XCBuildConfiguration section */

/* Begin XCConfigurationList section */
		42B4CA3F2B593EDC00C7C50D /* Build configuration list for PBXProject "LineMan" */ = {
			isa = XCConfigurationList;
			buildConfigurations = (
				42B4CA562B593EDE00C7C50D /* Debug */,
				42B4CA572B593EDE00C7C50D /* Release */,
			);
			defaultConfigurationIsVisible = 0;
			defaultConfigurationName = Release;
		};
		42B4CA582B593EDE00C7C50D /* Build configuration list for PBXNativeTarget "LineMan" */ = {
			isa = XCConfigurationList;
			buildConfigurations = (
				42B4CA592B593EDE00C7C50D /* Debug */,
				42B4CA5A2B593EDE00C7C50D /* Release */,
			);
			defaultConfigurationIsVisible = 0;
			defaultConfigurationName = Release;
		};
/* End XCConfigurationList section */
	};
	rootObject = 42B4CA3C2B593EDC00C7C50D /* Project object */;
}
